<?xml version="1.0" encoding="utf-8"?>
<Project ToolsVersion="4.0" xmlns="http://schemas.microsoft.com/developer/msbuild/2003">
  <ItemGroup>
    <Filter Include="Source Files">
      <UniqueIdentifier>{4FC737F1-C7A5-4376-A066-2A32D752A2FF}</UniqueIdentifier>
      <Extensions>qml;cpp;c;cc;cxx;def;odl;idl;hpj;bat;asm;asmx</Extensions>
    </Filter>
    <Filter Include="Header Files">
      <UniqueIdentifier>{93995380-89BD-4b04-88EB-625FBE52EBFB}</UniqueIdentifier>
      <Extensions>h;hh;hpp;hxx;hm;inl;inc;xsd</Extensions>
    </Filter>
    <Filter Include="Resource Files">
      <UniqueIdentifier>{67DA6AB6-F800-4c08-8B7A-83BB121AAD01}</UniqueIdentifier>
      <Extensions>qrc;rc;ico;cur;bmp;dlg;rc2;rct;bin;rgs;gif;jpg;jpeg;jpe;resx;tiff;tif;png;wav;mfcribbon-ms</Extensions>
    </Filter>
    <Filter Include="Form Files">
      <UniqueIdentifier>{99349809-55BA-4b9d-BF79-8FDBB0286EB3}</UniqueIdentifier>
      <Extensions>ui</Extensions>
    </Filter>
    <Filter Include="Translation Files">
      <UniqueIdentifier>{639EADAA-A684-42e4-A9AD-28FC9BCB8F7C}</UniqueIdentifier>
      <Extensions>ts</Extensions>
    </Filter>
  </ItemGroup>
  <ItemGroup>
    <QtRcc Include="ValveCentralHole.qrc">
      <Filter>Resource Files</Filter>
    </QtRcc>
    <QtUic Include="ValveCentralHole.ui">
      <Filter>Form Files</Filter>
    </QtUic>
    <QtMoc Include="ValveCentralHole.h">
      <Filter>Header Files</Filter>
    </QtMoc>
    <ClCompile Include="ValveCentralHole.cpp">
      <Filter>Source Files</Filter>
    </ClCompile>
  </ItemGroup>
  <ItemGroup>
    <ClCompile Include="main.cpp">
      <Filter>Source Files</Filter>
    </ClCompile>
    <ClCompile Include="CalibrateWidget.cpp">
      <Filter>Source Files</Filter>
    </ClCompile>
    <ClCompile Include="MessageBoxHelper.cpp">
      <Filter>Source Files</Filter>
    </ClCompile>
    <ClCompile Include="BinarizeImageHelper.cpp">
      <Filter>Source Files</Filter>
    </ClCompile>
    <ClCompile Include="MeasureWidget.cpp">
      <Filter>Source Files</Filter>
    </ClCompile>
    <ClCompile Include="ThreadPool.cpp">
      <Filter>Source Files</Filter>
    </ClCompile>
    <ClCompile Include="Database.cpp">
      <Filter>Source Files</Filter>
    </ClCompile>
    <ClCompile Include="CalibrationGaugeDiameterDAO.cpp">
      <Filter>Source Files</Filter>
    </ClCompile>
    <ClCompile Include="CalibrationGaugeParameters.cpp">
      <Filter>Source Files</Filter>
    </ClCompile>
    <ClCompile Include="CameraDisplayDialog.cpp">
      <Filter>Source Files</Filter>
    </ClCompile>
    <ClCompile Include="CameraConfirmationDialog.cpp">
      <Filter>Source Files</Filter>
    </ClCompile>
    <ClCompile Include="CameraConfirmLabel.cpp">
      <Filter>Source Files</Filter>
    </ClCompile>
    <ClCompile Include="ImageCropDialog.cpp">
      <Filter>Source Files</Filter>
    </ClCompile>
    <ClCompile Include="CalibrationGaugeLabel.cpp">
      <Filter>Source Files</Filter>
    </ClCompile>
    <ClCompile Include="BinaryGaugeLabel.cpp">
      <Filter>Source Files</Filter>
    </ClCompile>
    <ClCompile Include="SelectImageCropDialog.cpp">
      <Filter>Source Files</Filter>
    </ClCompile>
  </ItemGroup>
  <ItemGroup>
    <QtUic Include="CalibrateWidget.ui">
      <Filter>Form Files</Filter>
    </QtUic>
    <QtUic Include="MeasureWidget.ui">
      <Filter>Form Files</Filter>
    </QtUic>
    <QtUic Include="CameraDisplayDialog.ui">
      <Filter>Form Files</Filter>
    </QtUic>
    <QtUic Include="CameraConfirmation.ui">
      <Filter>Form Files</Filter>
    </QtUic>
    <QtUic Include="ImageCropDialog.ui">
      <Filter>Form Files</Filter>
    </QtUic>
    <QtUic Include="SelectImageCropDialog.ui">
      <Filter>Form Files</Filter>
    </QtUic>
  </ItemGroup>
  <ItemGroup>
    <QtMoc Include="CalibrateWidget.h">
      <Filter>Header Files</Filter>
    </QtMoc>
    <QtMoc Include="MeasureWidget.h">
      <Filter>Header Files</Filter>
    </QtMoc>
    <QtMoc Include="CameraDisplayDialog.h">
      <Filter>Header Files</Filter>
    </QtMoc>
    <QtMoc Include="ImageCropDialog.h">
      <Filter>Header Files</Filter>
    </QtMoc>
    <QtMoc Include="CalibrationGaugeLabel.h">
      <Filter>Header Files</Filter>
    </QtMoc>
    <QtMoc Include="SelectImageCropDialog.h">
      <Filter>Header Files</Filter>
    </QtMoc>
  </ItemGroup>
  <ItemGroup>
    <ClInclude Include="MessageBoxHelper.h">
      <Filter>Header Files</Filter>
    </ClInclude>
    <ClInclude Include="BinarizeImageHelper.h">
      <Filter>Header Files</Filter>
    </ClInclude>
    <ClInclude Include="ThreadPool.h">
      <Filter>Header Files</Filter>
    </ClInclude>
    <ClInclude Include="Database.h">
      <Filter>Header Files</Filter>
    </ClInclude>
    <ClInclude Include="CalibrationGaugeParametersDAO.h">
      <Filter>Header Files</Filter>
    </ClInclude>
    <ClInclude Include="CalibrationGaugeParameters.h">
      <Filter>Header Files</Filter>
    </ClInclude>
    <ClInclude Include="CameraConfirmationDialog.h">
      <Filter>Header Files</Filter>
    </ClInclude>
    <ClInclude Include="CameraConfirmLabel.h">
      <Filter>Header Files</Filter>
    </ClInclude>
    <ClInclude Include="BinaryGaugeLabel.h">
      <Filter>Header Files</Filter>
    </ClInclude>
  </ItemGroup>
  <ItemGroup>
    <Image Include="window_icon.jpg">
      <Filter>Resource Files</Filter>
    </Image>
    <Image Include="tooltip_question_mark.png">
      <Filter>Resource Files</Filter>
    </Image>
    <Image Include="checkmark_icon.png">
      <Filter>Resource Files</Filter>
    </Image>
  </ItemGroup>
</Project>